// !$*UTF8*$!
{
	archiveVersion = 1;
	classes = {
	};
	objectVersion = 50;
	objects = {

/* Begin PBXBuildFile section */
		FD07FEF925BD954700A02404 /* H100DaysOfSwiftUIApp.swift in Sources */ = {isa = PBXBuildFile; fileRef = FD07FEF825BD954700A02404 /* H100DaysOfSwiftUIApp.swift */; };
		FD07FEFB25BD954700A02404 /* ContentView.swift in Sources */ = {isa = PBXBuildFile; fileRef = FD07FEFA25BD954700A02404 /* ContentView.swift */; };
		FD07FEFD25BD954E00A02404 /* Assets.xcassets in Resources */ = {isa = PBXBuildFile; fileRef = FD07FEFC25BD954E00A02404 /* Assets.xcassets */; };
		FD07FF0025BD954E00A02404 /* Preview Assets.xcassets in Resources */ = {isa = PBXBuildFile; fileRef = FD07FEFF25BD954E00A02404 /* Preview Assets.xcassets */; };
		FD07FF0B25BD954F00A02404 /* H100DaysOfSwiftUITests.swift in Sources */ = {isa = PBXBuildFile; fileRef = FD07FF0A25BD954F00A02404 /* H100DaysOfSwiftUITests.swift */; };
		FD07FF1625BD954F00A02404 /* H100DaysOfSwiftUIUITests.swift in Sources */ = {isa = PBXBuildFile; fileRef = FD07FF1525BD954F00A02404 /* H100DaysOfSwiftUIUITests.swift */; };
		FD07FF2825BD96DC00A02404 /* Day16.swift in Sources */ = {isa = PBXBuildFile; fileRef = FD07FF2725BD96DC00A02404 /* Day16.swift */; };
		FD07FF2D25BD97E900A02404 /* Day 16 NavigationView.swift in Sources */ = {isa = PBXBuildFile; fileRef = FD07FF2C25BD97E900A02404 /* Day 16 NavigationView.swift */; };
		FD07FF3225BD9A8F00A02404 /* state.swift in Sources */ = {isa = PBXBuildFile; fileRef = FD07FF3125BD9A8F00A02404 /* state.swift */; };
		FD07FF3725BD9E1B00A02404 /* Day16 Picker.swift in Sources */ = {isa = PBXBuildFile; fileRef = FD07FF3625BD9E1B00A02404 /* Day16 Picker.swift */; };
		FD07FF3C25BDA20800A02404 /* project.swift in Sources */ = {isa = PBXBuildFile; fileRef = FD07FF3B25BDA20800A02404 /* project.swift */; };
		FD11CCDF25D1852400A035FD /* CheckoutView.swift in Sources */ = {isa = PBXBuildFile; fileRef = FD11CCDE25D1852400A035FD /* CheckoutView.swift */; };
		FD11F7BD25CC4680008A1D26 /* MissionView.swift in Sources */ = {isa = PBXBuildFile; fileRef = FD11F7BC25CC4680008A1D26 /* MissionView.swift */; };
		FD11F7C225CC5EF7008A1D26 /* AstronautView.swift in Sources */ = {isa = PBXBuildFile; fileRef = FD11F7C125CC5EF7008A1D26 /* AstronautView.swift */; };
		FD17B04C25D590A9007213B1 /* CombineCoreDataWithSwiftUI.swift in Sources */ = {isa = PBXBuildFile; fileRef = FD17B04B25D590A9007213B1 /* CombineCoreDataWithSwiftUI.swift */; };
		FD17B05A25D59145007213B1 /* Persistent.swift in Sources */ = {isa = PBXBuildFile; fileRef = FD17B05925D59145007213B1 /* Persistent.swift */; };
		FD1C192925C84DCB00C91734 /* ResizeImageUsingGeometryReader.swift in Sources */ = {isa = PBXBuildFile; fileRef = FD1C192825C84DCB00C91734 /* ResizeImageUsingGeometryReader.swift */; };
		FD1C192F25C8543400C91734 /* ScrollViewWithScrollingData.swift in Sources */ = {isa = PBXBuildFile; fileRef = FD1C192E25C8543400C91734 /* ScrollViewWithScrollingData.swift */; };
		FD33353525CFFDFF00385254 /* CodableConformancePublishedProperties.swift in Sources */ = {isa = PBXBuildFile; fileRef = FD33353425CFFDFF00385254 /* CodableConformancePublishedProperties.swift */; };
		FD33354025D0053C00385254 /* URLSessionSendingRecievingCodableData.swift in Sources */ = {isa = PBXBuildFile; fileRef = FD33353F25D0053C00385254 /* URLSessionSendingRecievingCodableData.swift */; };
		FD33354525D00F5400385254 /* ValidatingDisablingForm.swift in Sources */ = {isa = PBXBuildFile; fileRef = FD33354425D00F5400385254 /* ValidatingDisablingForm.swift */; };
		FD33354A25D0346300385254 /* Order.swift in Sources */ = {isa = PBXBuildFile; fileRef = FD33354925D0346300385254 /* Order.swift */; };
		FD33354F25D035E800385254 /* CupCakes.swift in Sources */ = {isa = PBXBuildFile; fileRef = FD33354E25D035E800385254 /* CupCakes.swift */; };
		FD33355425D03A9900385254 /* AddressView.swift in Sources */ = {isa = PBXBuildFile; fileRef = FD33355325D03A9800385254 /* AddressView.swift */; };
		FD3F0FCF25BDC6EB00B92B69 /* TempCalc.swift in Sources */ = {isa = PBXBuildFile; fileRef = FD3F0FCE25BDC6EB00B92B69 /* TempCalc.swift */; };
		FD474F7225C1BA8800FE88E4 /* BetterRest.swift in Sources */ = {isa = PBXBuildFile; fileRef = FD474F7125C1BA8800FE88E4 /* BetterRest.swift */; };
		FD474F7F25C1BE7900FE88E4 /* SleepCalculator.mlmodel in Sources */ = {isa = PBXBuildFile; fileRef = FD474F7E25C1BE7900FE88E4 /* SleepCalculator.mlmodel */; };
		FD5236FE25BF13BF00CEAA3B /* GuessTheFlag.swift in Sources */ = {isa = PBXBuildFile; fileRef = FD5236FD25BF13BF00CEAA3B /* GuessTheFlag.swift */; };
		FD53A1C625D9426F00D807D6 /* BookWorm.swift in Sources */ = {isa = PBXBuildFile; fileRef = FD53A1C525D9426F00D807D6 /* BookWorm.swift */; };
		FD53A1D125D9440D00D807D6 /* AddBookView.swift in Sources */ = {isa = PBXBuildFile; fileRef = FD53A1D025D9440D00D807D6 /* AddBookView.swift */; };
		FD53A1DC25D94C6B00D807D6 /* RatingView.swift in Sources */ = {isa = PBXBuildFile; fileRef = FD53A1DB25D94C6B00D807D6 /* RatingView.swift */; };
		FD53A1E125D9525600D807D6 /* EmojiRatingView.swift in Sources */ = {isa = PBXBuildFile; fileRef = FD53A1E025D9525600D807D6 /* EmojiRatingView.swift */; };
		FD5B503325D4298300D0F0EE /* CustomComponentWithBinding.swift in Sources */ = {isa = PBXBuildFile; fileRef = FD5B503225D4298300D0F0EE /* CustomComponentWithBinding.swift */; };
		FD5B503825D42D1600D0F0EE /* SizeClassesWithAnyViewTypeErasure.swift in Sources */ = {isa = PBXBuildFile; fileRef = FD5B503725D42D1600D0F0EE /* SizeClassesWithAnyViewTypeErasure.swift */; };
		FD77BCB225C5869F006C2869 /* ImplicitAnimation.swift in Sources */ = {isa = PBXBuildFile; fileRef = FD77BCB125C5869F006C2869 /* ImplicitAnimation.swift */; };
		FD77BCB725C58849006C2869 /* CustomizeAnimation.swift in Sources */ = {isa = PBXBuildFile; fileRef = FD77BCB625C58849006C2869 /* CustomizeAnimation.swift */; };
		FD77BCBC25C58BC9006C2869 /* AnimatingBinding.swift in Sources */ = {isa = PBXBuildFile; fileRef = FD77BCBB25C58BC9006C2869 /* AnimatingBinding.swift */; };
		FD77BCC125C58E73006C2869 /* ExplicitAnimation.swift in Sources */ = {isa = PBXBuildFile; fileRef = FD77BCC025C58E73006C2869 /* ExplicitAnimation.swift */; };
		FD77BCC625C590AA006C2869 /* ControllingAnimationStack.swift in Sources */ = {isa = PBXBuildFile; fileRef = FD77BCC525C590AA006C2869 /* ControllingAnimationStack.swift */; };
		FD77BCCB25C59770006C2869 /* AnimatingGesture.swift in Sources */ = {isa = PBXBuildFile; fileRef = FD77BCCA25C59770006C2869 /* AnimatingGesture.swift */; };
		FD77BCD025C59CE6006C2869 /* ShowHideViewAnim.swift in Sources */ = {isa = PBXBuildFile; fileRef = FD77BCCF25C59CE6006C2869 /* ShowHideViewAnim.swift */; };
		FD77BCD525C59FBB006C2869 /* CustomTransitionWIthViewModifier.swift in Sources */ = {isa = PBXBuildFile; fileRef = FD77BCD425C59FBB006C2869 /* CustomTransitionWIthViewModifier.swift */; };
		FD8429B425C45CB000D9B0DF /* Lists.swift in Sources */ = {isa = PBXBuildFile; fileRef = FD8429B325C45CB000D9B0DF /* Lists.swift */; };
		FD8429BC25C4625500D9B0DF /* LoadingResourcesFromAppBundle.swift in Sources */ = {isa = PBXBuildFile; fileRef = FD8429BB25C4625500D9B0DF /* LoadingResourcesFromAppBundle.swift */; };
		FD8429C125C463D100D9B0DF /* WorkingWithStrings.swift in Sources */ = {isa = PBXBuildFile; fileRef = FD8429C025C463D100D9B0DF /* WorkingWithStrings.swift */; };
		FD8429C625C4684A00D9B0DF /* WordScramble.swift in Sources */ = {isa = PBXBuildFile; fileRef = FD8429C525C4684900D9B0DF /* WordScramble.swift */; };
		FD8429CB25C46F1800D9B0DF /* start.txt in Resources */ = {isa = PBXBuildFile; fileRef = FD8429CA25C46F1800D9B0DF /* start.txt */; };
		FD88811C26064C9B0019CE17 /* DynamicFiltering.swift in Sources */ = {isa = PBXBuildFile; fileRef = FD88811B26064C9B0019CE17 /* DynamicFiltering.swift */; };
		FD88812226064D3F0019CE17 /* Singer+CoreDataClass.swift in Sources */ = {isa = PBXBuildFile; fileRef = FD88812026064D3F0019CE17 /* Singer+CoreDataClass.swift */; };
		FD88812326064D3F0019CE17 /* Singer+CoreDataProperties.swift in Sources */ = {isa = PBXBuildFile; fileRef = FD88812126064D3F0019CE17 /* Singer+CoreDataProperties.swift */; };
		FD88813226064F220019CE17 /* MyModel.xcdatamodeld in Sources */ = {isa = PBXBuildFile; fileRef = FD88813026064F220019CE17 /* MyModel.xcdatamodeld */; };
		FD88813D26064FB60019CE17 /* FilteredList.swift in Sources */ = {isa = PBXBuildFile; fileRef = FD88813C26064FB60019CE17 /* FilteredList.swift */; };
		FD888145260654E90019CE17 /* Candy+CoreDataClass.swift in Sources */ = {isa = PBXBuildFile; fileRef = FD888141260654E90019CE17 /* Candy+CoreDataClass.swift */; };
		FD888146260654E90019CE17 /* Candy+CoreDataProperties.swift in Sources */ = {isa = PBXBuildFile; fileRef = FD888142260654E90019CE17 /* Candy+CoreDataProperties.swift */; };
		FD888147260654E90019CE17 /* Country+CoreDataClass.swift in Sources */ = {isa = PBXBuildFile; fileRef = FD888143260654E90019CE17 /* Country+CoreDataClass.swift */; };
		FD888148260654E90019CE17 /* Country+CoreDataProperties.swift in Sources */ = {isa = PBXBuildFile; fileRef = FD888144260654E90019CE17 /* Country+CoreDataProperties.swift */; };
		FD88814D2606564D0019CE17 /* OneToManyRelationship.swift in Sources */ = {isa = PBXBuildFile; fileRef = FD88814C2606564D0019CE17 /* OneToManyRelationship.swift */; };
		FD88848F25CEB14E003AD159 /* CreatingCustomPaths.swift in Sources */ = {isa = PBXBuildFile; fileRef = FD88848E25CEB14E003AD159 /* CreatingCustomPaths.swift */; };
		FD88849425CEB592003AD159 /* PathVsShapes.swift in Sources */ = {isa = PBXBuildFile; fileRef = FD88849325CEB592003AD159 /* PathVsShapes.swift */; };
		FD88849925CEBAD3003AD159 /* StrokeBorder.swift in Sources */ = {isa = PBXBuildFile; fileRef = FD88849825CEBAD3003AD159 /* StrokeBorder.swift */; };
		FD88849E25CEBE12003AD159 /* CGAffineTransforms.swift in Sources */ = {isa = PBXBuildFile; fileRef = FD88849D25CEBE12003AD159 /* CGAffineTransforms.swift */; };
		FD8884A625CEDC05003AD159 /* ImagePaints.swift in Sources */ = {isa = PBXBuildFile; fileRef = FD8884A525CEDC05003AD159 /* ImagePaints.swift */; };
		FD8884AC25CEE5F2003AD159 /* MetalRendering.swift in Sources */ = {isa = PBXBuildFile; fileRef = FD8884AB25CEE5F2003AD159 /* MetalRendering.swift */; };
		FD8884B125CEE7D7003AD159 /* BlursBlending.swift in Sources */ = {isa = PBXBuildFile; fileRef = FD8884B025CEE7D7003AD159 /* BlursBlending.swift */; };
		FD8884B625CEEABF003AD159 /* AnimatableData.swift in Sources */ = {isa = PBXBuildFile; fileRef = FD8884B525CEEABF003AD159 /* AnimatableData.swift */; };
		FD8884BB25CEEC55003AD159 /* AnimatablePairs.swift in Sources */ = {isa = PBXBuildFile; fileRef = FD8884BA25CEEC55003AD159 /* AnimatablePairs.swift */; };
		FD8884C025CEEE4D003AD159 /* SpirographDig.swift in Sources */ = {isa = PBXBuildFile; fileRef = FD8884BF25CEEE4D003AD159 /* SpirographDig.swift */; };
		FD8F52EB25C03E0A0011A0F9 /* viewComposition.swift in Sources */ = {isa = PBXBuildFile; fileRef = FD8F52EA25C03E0A0011A0F9 /* viewComposition.swift */; };
		FD8F52F025C03EE60011A0F9 /* CustomModifier.swift in Sources */ = {isa = PBXBuildFile; fileRef = FD8F52EF25C03EE60011A0F9 /* CustomModifier.swift */; };
		FD8F52F525C041C30011A0F9 /* CustomContainers.swift in Sources */ = {isa = PBXBuildFile; fileRef = FD8F52F425C041C30011A0F9 /* CustomContainers.swift */; };
		FDA0F6DD25EE846B0088FABA /* SlashSotSelf.swift in Sources */ = {isa = PBXBuildFile; fileRef = FDA0F6DC25EE846B0088FABA /* SlashSotSelf.swift */; };
		FDA0F6E225EE863A0088FABA /* Hashables.swift in Sources */ = {isa = PBXBuildFile; fileRef = FDA0F6E125EE863A0088FABA /* Hashables.swift */; };
		FDA0F6EB25EE8E8D0088FABA /* Movie+CoreDataClass.swift in Sources */ = {isa = PBXBuildFile; fileRef = FDA0F6E925EE8E8D0088FABA /* Movie+CoreDataClass.swift */; };
		FDA0F6EC25EE8E8D0088FABA /* Movie+CoreDataProperties.swift in Sources */ = {isa = PBXBuildFile; fileRef = FDA0F6EA25EE8E8D0088FABA /* Movie+CoreDataProperties.swift */; };
		FDA0F6F125EE91230088FABA /* ConditionalsavingofNSManagedObjectContext.swift in Sources */ = {isa = PBXBuildFile; fileRef = FDA0F6F025EE91230088FABA /* ConditionalsavingofNSManagedObjectContext.swift */; };
		FDA0F6F625EE91EF0088FABA /* EnsuringCoreDataObjectsAreUniqueUsingConstraints.swift in Sources */ = {isa = PBXBuildFile; fileRef = FDA0F6F525EE91EF0088FABA /* EnsuringCoreDataObjectsAreUniqueUsingConstraints.swift */; };
		FDA0F70225EE990E0088FABA /* FilteringFetchRequestUsingNSPredicate.swift in Sources */ = {isa = PBXBuildFile; fileRef = FDA0F70125EE990E0088FABA /* FilteringFetchRequestUsingNSPredicate.swift */; };
		FDA6D48B25C99B9000B3DB9D /* NavigationLinks.swift in Sources */ = {isa = PBXBuildFile; fileRef = FDA6D48A25C99B9000B3DB9D /* NavigationLinks.swift */; };
		FDA6D49025C99D7B00B3DB9D /* HierarchicalCodableData.swift in Sources */ = {isa = PBXBuildFile; fileRef = FDA6D48F25C99D7B00B3DB9D /* HierarchicalCodableData.swift */; };
		FDA6D49525C9A2FE00B3DB9D /* Moonshot.swift in Sources */ = {isa = PBXBuildFile; fileRef = FDA6D49425C9A2FD00B3DB9D /* Moonshot.swift */; };
		FDA6D49B25C9A37500B3DB9D /* missions.json in Resources */ = {isa = PBXBuildFile; fileRef = FDA6D49925C9A37400B3DB9D /* missions.json */; };
		FDA6D49C25C9A37500B3DB9D /* astronauts.json in Resources */ = {isa = PBXBuildFile; fileRef = FDA6D49A25C9A37500B3DB9D /* astronauts.json */; };
		FDA6D4A125C9A4D000B3DB9D /* Bundle-Decodable.swift in Sources */ = {isa = PBXBuildFile; fileRef = FDA6D4A025C9A4D000B3DB9D /* Bundle-Decodable.swift */; };
		FDA6D4A625C9A78E00B3DB9D /* Astronaut.swift in Sources */ = {isa = PBXBuildFile; fileRef = FDA6D4A525C9A78E00B3DB9D /* Astronaut.swift */; };
		FDA6D4AB25C9A9AF00B3DB9D /* Mission.swift in Sources */ = {isa = PBXBuildFile; fileRef = FDA6D4AA25C9A9AF00B3DB9D /* Mission.swift */; };
		FDAC849325C6D9FC0015D268 /* ClassVsStruct.swift in Sources */ = {isa = PBXBuildFile; fileRef = FDAC849225C6D9FC0015D268 /* ClassVsStruct.swift */; };
		FDAC849825C6DAF40015D268 /* StateWithObservedObject.swift in Sources */ = {isa = PBXBuildFile; fileRef = FDAC849725C6DAF40015D268 /* StateWithObservedObject.swift */; };
		FDAC849D25C6DCE90015D268 /* ShowHideViews.swift in Sources */ = {isa = PBXBuildFile; fileRef = FDAC849C25C6DCE90015D268 /* ShowHideViews.swift */; };
		FDAC84A225C6E7230015D268 /* OnDelete.swift in Sources */ = {isa = PBXBuildFile; fileRef = FDAC84A125C6E7230015D268 /* OnDelete.swift */; };
		FDAC84A725C6EAF30015D268 /* UserDefaultStoreData.swift in Sources */ = {isa = PBXBuildFile; fileRef = FDAC84A625C6EAF30015D268 /* UserDefaultStoreData.swift */; };
		FDAC84AC25C6F5150015D268 /* CodableSwiftObjects.swift in Sources */ = {isa = PBXBuildFile; fileRef = FDAC84AB25C6F5150015D268 /* CodableSwiftObjects.swift */; };
		FDAC84B125C6F8BB0015D268 /* iExpense.swift in Sources */ = {isa = PBXBuildFile; fileRef = FDAC84B025C6F8BB0015D268 /* iExpense.swift */; };
		FDAC84B625C7012B0015D268 /* AddView.swift in Sources */ = {isa = PBXBuildFile; fileRef = FDAC84B525C7012B0015D268 /* AddView.swift */; };
		FDAE8A6425E2B00D002089A2 /* DetailView.swift in Sources */ = {isa = PBXBuildFile; fileRef = FDAE8A6325E2B00D002089A2 /* DetailView.swift */; };
		FDEAE596260F0F7A0042B72B /* PropertyWrappersBecomesStruct.swift in Sources */ = {isa = PBXBuildFile; fileRef = FDEAE595260F0F7A0042B72B /* PropertyWrappersBecomesStruct.swift */; };
		FDEAE59B260F14B00042B72B /* CustomBinding.swift in Sources */ = {isa = PBXBuildFile; fileRef = FDEAE59A260F14B00042B72B /* CustomBinding.swift */; };
		FDEAE5A0260F24120042B72B /* ShowingMultipleOptionsWithActionSheet.swift in Sources */ = {isa = PBXBuildFile; fileRef = FDEAE59F260F24120042B72B /* ShowingMultipleOptionsWithActionSheet.swift */; };
		FDEAE5A5260F266B0042B72B /* IntegratingCoreImageWithSwiftUI.swift in Sources */ = {isa = PBXBuildFile; fileRef = FDEAE5A4260F266B0042B72B /* IntegratingCoreImageWithSwiftUI.swift */; };
		FDEAE5AA260F3DB20042B72B /* WrappingUIViewControllerInSwiftUIView.swift in Sources */ = {isa = PBXBuildFile; fileRef = FDEAE5A9260F3DB20042B72B /* WrappingUIViewControllerInSwiftUIView.swift */; };
		FDEAE5AF260F3F530042B72B /* ImagePicker.swift in Sources */ = {isa = PBXBuildFile; fileRef = FDEAE5AE260F3F530042B72B /* ImagePicker.swift */; };
/* End PBXBuildFile section */

/* Begin PBXContainerItemProxy section */
		FD07FF0725BD954F00A02404 /* PBXContainerItemProxy */ = {
			isa = PBXContainerItemProxy;
			containerPortal = FD07FEED25BD954700A02404 /* Project object */;
			proxyType = 1;
			remoteGlobalIDString = FD07FEF425BD954700A02404;
			remoteInfo = H100DaysOfSwiftUI;
		};
		FD07FF1225BD954F00A02404 /* PBXContainerItemProxy */ = {
			isa = PBXContainerItemProxy;
			containerPortal = FD07FEED25BD954700A02404 /* Project object */;
			proxyType = 1;
			remoteGlobalIDString = FD07FEF425BD954700A02404;
			remoteInfo = H100DaysOfSwiftUI;
		};
/* End PBXContainerItemProxy section */

/* Begin PBXFileReference section */
		FD07FEF525BD954700A02404 /* H100DaysOfSwiftUI.app */ = {isa = PBXFileReference; explicitFileType = wrapper.application; includeInIndex = 0; path = H100DaysOfSwiftUI.app; sourceTree = BUILT_PRODUCTS_DIR; };
		FD07FEF825BD954700A02404 /* H100DaysOfSwiftUIApp.swift */ = {isa = PBXFileReference; lastKnownFileType = sourcecode.swift; path = H100DaysOfSwiftUIApp.swift; sourceTree = "<group>"; };
		FD07FEFA25BD954700A02404 /* ContentView.swift */ = {isa = PBXFileReference; lastKnownFileType = sourcecode.swift; path = ContentView.swift; sourceTree = "<group>"; };
		FD07FEFC25BD954E00A02404 /* Assets.xcassets */ = {isa = PBXFileReference; lastKnownFileType = folder.assetcatalog; path = Assets.xcassets; sourceTree = "<group>"; };
		FD07FEFF25BD954E00A02404 /* Preview Assets.xcassets */ = {isa = PBXFileReference; lastKnownFileType = folder.assetcatalog; path = "Preview Assets.xcassets"; sourceTree = "<group>"; };
		FD07FF0125BD954E00A02404 /* Info.plist */ = {isa = PBXFileReference; lastKnownFileType = text.plist.xml; path = Info.plist; sourceTree = "<group>"; };
		FD07FF0625BD954F00A02404 /* H100DaysOfSwiftUITests.xctest */ = {isa = PBXFileReference; explicitFileType = wrapper.cfbundle; includeInIndex = 0; path = H100DaysOfSwiftUITests.xctest; sourceTree = BUILT_PRODUCTS_DIR; };
		FD07FF0A25BD954F00A02404 /* H100DaysOfSwiftUITests.swift */ = {isa = PBXFileReference; lastKnownFileType = sourcecode.swift; path = H100DaysOfSwiftUITests.swift; sourceTree = "<group>"; };
		FD07FF0C25BD954F00A02404 /* Info.plist */ = {isa = PBXFileReference; lastKnownFileType = text.plist.xml; path = Info.plist; sourceTree = "<group>"; };
		FD07FF1125BD954F00A02404 /* H100DaysOfSwiftUIUITests.xctest */ = {isa = PBXFileReference; explicitFileType = wrapper.cfbundle; includeInIndex = 0; path = H100DaysOfSwiftUIUITests.xctest; sourceTree = BUILT_PRODUCTS_DIR; };
		FD07FF1525BD954F00A02404 /* H100DaysOfSwiftUIUITests.swift */ = {isa = PBXFileReference; lastKnownFileType = sourcecode.swift; path = H100DaysOfSwiftUIUITests.swift; sourceTree = "<group>"; };
		FD07FF1725BD954F00A02404 /* Info.plist */ = {isa = PBXFileReference; lastKnownFileType = text.plist.xml; path = Info.plist; sourceTree = "<group>"; };
		FD07FF2725BD96DC00A02404 /* Day16.swift */ = {isa = PBXFileReference; lastKnownFileType = sourcecode.swift; path = Day16.swift; sourceTree = "<group>"; };
		FD07FF2C25BD97E900A02404 /* Day 16 NavigationView.swift */ = {isa = PBXFileReference; lastKnownFileType = sourcecode.swift; path = "Day 16 NavigationView.swift"; sourceTree = "<group>"; };
		FD07FF3125BD9A8F00A02404 /* state.swift */ = {isa = PBXFileReference; lastKnownFileType = sourcecode.swift; path = state.swift; sourceTree = "<group>"; };
		FD07FF3625BD9E1B00A02404 /* Day16 Picker.swift */ = {isa = PBXFileReference; lastKnownFileType = sourcecode.swift; path = "Day16 Picker.swift"; sourceTree = "<group>"; };
		FD07FF3B25BDA20800A02404 /* project.swift */ = {isa = PBXFileReference; lastKnownFileType = sourcecode.swift; path = project.swift; sourceTree = "<group>"; };
		FD11CCDE25D1852400A035FD /* CheckoutView.swift */ = {isa = PBXFileReference; lastKnownFileType = sourcecode.swift; path = CheckoutView.swift; sourceTree = "<group>"; };
		FD11F7BC25CC4680008A1D26 /* MissionView.swift */ = {isa = PBXFileReference; lastKnownFileType = sourcecode.swift; path = MissionView.swift; sourceTree = "<group>"; };
		FD11F7C125CC5EF7008A1D26 /* AstronautView.swift */ = {isa = PBXFileReference; lastKnownFileType = sourcecode.swift; path = AstronautView.swift; sourceTree = "<group>"; };
		FD17B04B25D590A9007213B1 /* CombineCoreDataWithSwiftUI.swift */ = {isa = PBXFileReference; lastKnownFileType = sourcecode.swift; path = CombineCoreDataWithSwiftUI.swift; sourceTree = "<group>"; };
		FD17B05925D59145007213B1 /* Persistent.swift */ = {isa = PBXFileReference; lastKnownFileType = sourcecode.swift; path = Persistent.swift; sourceTree = "<group>"; };
		FD1C192825C84DCB00C91734 /* ResizeImageUsingGeometryReader.swift */ = {isa = PBXFileReference; lastKnownFileType = sourcecode.swift; path = ResizeImageUsingGeometryReader.swift; sourceTree = "<group>"; };
		FD1C192E25C8543400C91734 /* ScrollViewWithScrollingData.swift */ = {isa = PBXFileReference; lastKnownFileType = sourcecode.swift; path = ScrollViewWithScrollingData.swift; sourceTree = "<group>"; };
		FD33353425CFFDFF00385254 /* CodableConformancePublishedProperties.swift */ = {isa = PBXFileReference; lastKnownFileType = sourcecode.swift; path = CodableConformancePublishedProperties.swift; sourceTree = "<group>"; };
		FD33353F25D0053C00385254 /* URLSessionSendingRecievingCodableData.swift */ = {isa = PBXFileReference; lastKnownFileType = sourcecode.swift; path = URLSessionSendingRecievingCodableData.swift; sourceTree = "<group>"; };
		FD33354425D00F5400385254 /* ValidatingDisablingForm.swift */ = {isa = PBXFileReference; lastKnownFileType = sourcecode.swift; path = ValidatingDisablingForm.swift; sourceTree = "<group>"; };
		FD33354925D0346300385254 /* Order.swift */ = {isa = PBXFileReference; lastKnownFileType = sourcecode.swift; path = Order.swift; sourceTree = "<group>"; };
		FD33354E25D035E800385254 /* CupCakes.swift */ = {isa = PBXFileReference; lastKnownFileType = sourcecode.swift; path = CupCakes.swift; sourceTree = "<group>"; };
		FD33355325D03A9800385254 /* AddressView.swift */ = {isa = PBXFileReference; lastKnownFileType = sourcecode.swift; path = AddressView.swift; sourceTree = "<group>"; };
		FD3F0FCE25BDC6EB00B92B69 /* TempCalc.swift */ = {isa = PBXFileReference; lastKnownFileType = sourcecode.swift; path = TempCalc.swift; sourceTree = "<group>"; };
		FD474F7125C1BA8800FE88E4 /* BetterRest.swift */ = {isa = PBXFileReference; lastKnownFileType = sourcecode.swift; path = BetterRest.swift; sourceTree = "<group>"; };
		FD474F7E25C1BE7900FE88E4 /* SleepCalculator.mlmodel */ = {isa = PBXFileReference; lastKnownFileType = file.mlmodel; path = SleepCalculator.mlmodel; sourceTree = "<group>"; };
		FD5236FD25BF13BF00CEAA3B /* GuessTheFlag.swift */ = {isa = PBXFileReference; lastKnownFileType = sourcecode.swift; path = GuessTheFlag.swift; sourceTree = "<group>"; };
		FD53A1C525D9426F00D807D6 /* BookWorm.swift */ = {isa = PBXFileReference; lastKnownFileType = sourcecode.swift; path = BookWorm.swift; sourceTree = "<group>"; };
		FD53A1D025D9440D00D807D6 /* AddBookView.swift */ = {isa = PBXFileReference; lastKnownFileType = sourcecode.swift; path = AddBookView.swift; sourceTree = "<group>"; };
		FD53A1DB25D94C6B00D807D6 /* RatingView.swift */ = {isa = PBXFileReference; lastKnownFileType = sourcecode.swift; path = RatingView.swift; sourceTree = "<group>"; };
		FD53A1E025D9525600D807D6 /* EmojiRatingView.swift */ = {isa = PBXFileReference; lastKnownFileType = sourcecode.swift; path = EmojiRatingView.swift; sourceTree = "<group>"; };
		FD5B503225D4298300D0F0EE /* CustomComponentWithBinding.swift */ = {isa = PBXFileReference; lastKnownFileType = sourcecode.swift; path = CustomComponentWithBinding.swift; sourceTree = "<group>"; };
		FD5B503725D42D1600D0F0EE /* SizeClassesWithAnyViewTypeErasure.swift */ = {isa = PBXFileReference; lastKnownFileType = sourcecode.swift; path = SizeClassesWithAnyViewTypeErasure.swift; sourceTree = "<group>"; };
		FD77BCB125C5869F006C2869 /* ImplicitAnimation.swift */ = {isa = PBXFileReference; lastKnownFileType = sourcecode.swift; path = ImplicitAnimation.swift; sourceTree = "<group>"; };
		FD77BCB625C58849006C2869 /* CustomizeAnimation.swift */ = {isa = PBXFileReference; lastKnownFileType = sourcecode.swift; path = CustomizeAnimation.swift; sourceTree = "<group>"; };
		FD77BCBB25C58BC9006C2869 /* AnimatingBinding.swift */ = {isa = PBXFileReference; lastKnownFileType = sourcecode.swift; path = AnimatingBinding.swift; sourceTree = "<group>"; };
		FD77BCC025C58E73006C2869 /* ExplicitAnimation.swift */ = {isa = PBXFileReference; lastKnownFileType = sourcecode.swift; path = ExplicitAnimation.swift; sourceTree = "<group>"; };
		FD77BCC525C590AA006C2869 /* ControllingAnimationStack.swift */ = {isa = PBXFileReference; lastKnownFileType = sourcecode.swift; path = ControllingAnimationStack.swift; sourceTree = "<group>"; };
		FD77BCCA25C59770006C2869 /* AnimatingGesture.swift */ = {isa = PBXFileReference; lastKnownFileType = sourcecode.swift; path = AnimatingGesture.swift; sourceTree = "<group>"; };
		FD77BCCF25C59CE6006C2869 /* ShowHideViewAnim.swift */ = {isa = PBXFileReference; lastKnownFileType = sourcecode.swift; path = ShowHideViewAnim.swift; sourceTree = "<group>"; };
		FD77BCD425C59FBB006C2869 /* CustomTransitionWIthViewModifier.swift */ = {isa = PBXFileReference; lastKnownFileType = sourcecode.swift; path = CustomTransitionWIthViewModifier.swift; sourceTree = "<group>"; };
		FD8429B325C45CB000D9B0DF /* Lists.swift */ = {isa = PBXFileReference; lastKnownFileType = sourcecode.swift; path = Lists.swift; sourceTree = "<group>"; };
		FD8429BB25C4625500D9B0DF /* LoadingResourcesFromAppBundle.swift */ = {isa = PBXFileReference; lastKnownFileType = sourcecode.swift; path = LoadingResourcesFromAppBundle.swift; sourceTree = "<group>"; };
		FD8429C025C463D100D9B0DF /* WorkingWithStrings.swift */ = {isa = PBXFileReference; lastKnownFileType = sourcecode.swift; path = WorkingWithStrings.swift; sourceTree = "<group>"; };
		FD8429C525C4684900D9B0DF /* WordScramble.swift */ = {isa = PBXFileReference; lastKnownFileType = sourcecode.swift; path = WordScramble.swift; sourceTree = "<group>"; };
		FD8429CA25C46F1800D9B0DF /* start.txt */ = {isa = PBXFileReference; fileEncoding = 4; lastKnownFileType = text; path = start.txt; sourceTree = "<group>"; };
		FD88811B26064C9B0019CE17 /* DynamicFiltering.swift */ = {isa = PBXFileReference; lastKnownFileType = sourcecode.swift; path = DynamicFiltering.swift; sourceTree = "<group>"; };
		FD88812026064D3F0019CE17 /* Singer+CoreDataClass.swift */ = {isa = PBXFileReference; lastKnownFileType = sourcecode.swift; path = "Singer+CoreDataClass.swift"; sourceTree = "<group>"; };
		FD88812126064D3F0019CE17 /* Singer+CoreDataProperties.swift */ = {isa = PBXFileReference; lastKnownFileType = sourcecode.swift; path = "Singer+CoreDataProperties.swift"; sourceTree = "<group>"; };
		FD88813126064F220019CE17 /* BookWorm.xcdatamodel */ = {isa = PBXFileReference; lastKnownFileType = wrapper.xcdatamodel; path = BookWorm.xcdatamodel; sourceTree = "<group>"; };
		FD88813C26064FB60019CE17 /* FilteredList.swift */ = {isa = PBXFileReference; lastKnownFileType = sourcecode.swift; path = FilteredList.swift; sourceTree = "<group>"; };
		FD888141260654E90019CE17 /* Candy+CoreDataClass.swift */ = {isa = PBXFileReference; lastKnownFileType = sourcecode.swift; path = "Candy+CoreDataClass.swift"; sourceTree = "<group>"; };
		FD888142260654E90019CE17 /* Candy+CoreDataProperties.swift */ = {isa = PBXFileReference; lastKnownFileType = sourcecode.swift; path = "Candy+CoreDataProperties.swift"; sourceTree = "<group>"; };
		FD888143260654E90019CE17 /* Country+CoreDataClass.swift */ = {isa = PBXFileReference; lastKnownFileType = sourcecode.swift; path = "Country+CoreDataClass.swift"; sourceTree = "<group>"; };
		FD888144260654E90019CE17 /* Country+CoreDataProperties.swift */ = {isa = PBXFileReference; lastKnownFileType = sourcecode.swift; path = "Country+CoreDataProperties.swift"; sourceTree = "<group>"; };
		FD88814C2606564D0019CE17 /* OneToManyRelationship.swift */ = {isa = PBXFileReference; lastKnownFileType = sourcecode.swift; path = OneToManyRelationship.swift; sourceTree = "<group>"; };
		FD88848E25CEB14E003AD159 /* CreatingCustomPaths.swift */ = {isa = PBXFileReference; lastKnownFileType = sourcecode.swift; path = CreatingCustomPaths.swift; sourceTree = "<group>"; };
		FD88849325CEB592003AD159 /* PathVsShapes.swift */ = {isa = PBXFileReference; lastKnownFileType = sourcecode.swift; path = PathVsShapes.swift; sourceTree = "<group>"; };
		FD88849825CEBAD3003AD159 /* StrokeBorder.swift */ = {isa = PBXFileReference; lastKnownFileType = sourcecode.swift; path = StrokeBorder.swift; sourceTree = "<group>"; };
		FD88849D25CEBE12003AD159 /* CGAffineTransforms.swift */ = {isa = PBXFileReference; lastKnownFileType = sourcecode.swift; path = CGAffineTransforms.swift; sourceTree = "<group>"; };
		FD8884A525CEDC05003AD159 /* ImagePaints.swift */ = {isa = PBXFileReference; lastKnownFileType = sourcecode.swift; path = ImagePaints.swift; sourceTree = "<group>"; };
		FD8884AB25CEE5F2003AD159 /* MetalRendering.swift */ = {isa = PBXFileReference; lastKnownFileType = sourcecode.swift; path = MetalRendering.swift; sourceTree = "<group>"; };
		FD8884B025CEE7D7003AD159 /* BlursBlending.swift */ = {isa = PBXFileReference; lastKnownFileType = sourcecode.swift; path = BlursBlending.swift; sourceTree = "<group>"; };
		FD8884B525CEEABF003AD159 /* AnimatableData.swift */ = {isa = PBXFileReference; lastKnownFileType = sourcecode.swift; path = AnimatableData.swift; sourceTree = "<group>"; };
		FD8884BA25CEEC55003AD159 /* AnimatablePairs.swift */ = {isa = PBXFileReference; lastKnownFileType = sourcecode.swift; path = AnimatablePairs.swift; sourceTree = "<group>"; };
		FD8884BF25CEEE4D003AD159 /* SpirographDig.swift */ = {isa = PBXFileReference; lastKnownFileType = sourcecode.swift; path = SpirographDig.swift; sourceTree = "<group>"; };
		FD8F52EA25C03E0A0011A0F9 /* viewComposition.swift */ = {isa = PBXFileReference; lastKnownFileType = sourcecode.swift; path = viewComposition.swift; sourceTree = "<group>"; };
		FD8F52EF25C03EE60011A0F9 /* CustomModifier.swift */ = {isa = PBXFileReference; lastKnownFileType = sourcecode.swift; path = CustomModifier.swift; sourceTree = "<group>"; };
		FD8F52F425C041C30011A0F9 /* CustomContainers.swift */ = {isa = PBXFileReference; lastKnownFileType = sourcecode.swift; path = CustomContainers.swift; sourceTree = "<group>"; };
		FDA0F6DC25EE846B0088FABA /* SlashSotSelf.swift */ = {isa = PBXFileReference; lastKnownFileType = sourcecode.swift; path = SlashSotSelf.swift; sourceTree = "<group>"; };
		FDA0F6E125EE863A0088FABA /* Hashables.swift */ = {isa = PBXFileReference; lastKnownFileType = sourcecode.swift; path = Hashables.swift; sourceTree = "<group>"; };
		FDA0F6E925EE8E8D0088FABA /* Movie+CoreDataClass.swift */ = {isa = PBXFileReference; lastKnownFileType = sourcecode.swift; path = "Movie+CoreDataClass.swift"; sourceTree = "<group>"; };
		FDA0F6EA25EE8E8D0088FABA /* Movie+CoreDataProperties.swift */ = {isa = PBXFileReference; lastKnownFileType = sourcecode.swift; path = "Movie+CoreDataProperties.swift"; sourceTree = "<group>"; };
		FDA0F6F025EE91230088FABA /* ConditionalsavingofNSManagedObjectContext.swift */ = {isa = PBXFileReference; lastKnownFileType = sourcecode.swift; path = ConditionalsavingofNSManagedObjectContext.swift; sourceTree = "<group>"; };
		FDA0F6F525EE91EF0088FABA /* EnsuringCoreDataObjectsAreUniqueUsingConstraints.swift */ = {isa = PBXFileReference; lastKnownFileType = sourcecode.swift; path = EnsuringCoreDataObjectsAreUniqueUsingConstraints.swift; sourceTree = "<group>"; };
		FDA0F70125EE990E0088FABA /* FilteringFetchRequestUsingNSPredicate.swift */ = {isa = PBXFileReference; lastKnownFileType = sourcecode.swift; path = FilteringFetchRequestUsingNSPredicate.swift; sourceTree = "<group>"; };
		FDA6D48A25C99B9000B3DB9D /* NavigationLinks.swift */ = {isa = PBXFileReference; lastKnownFileType = sourcecode.swift; path = NavigationLinks.swift; sourceTree = "<group>"; };
		FDA6D48F25C99D7B00B3DB9D /* HierarchicalCodableData.swift */ = {isa = PBXFileReference; lastKnownFileType = sourcecode.swift; path = HierarchicalCodableData.swift; sourceTree = "<group>"; };
		FDA6D49425C9A2FD00B3DB9D /* Moonshot.swift */ = {isa = PBXFileReference; lastKnownFileType = sourcecode.swift; path = Moonshot.swift; sourceTree = "<group>"; };
		FDA6D49925C9A37400B3DB9D /* missions.json */ = {isa = PBXFileReference; fileEncoding = 4; lastKnownFileType = text.json; path = missions.json; sourceTree = "<group>"; };
		FDA6D49A25C9A37500B3DB9D /* astronauts.json */ = {isa = PBXFileReference; fileEncoding = 4; lastKnownFileType = text.json; path = astronauts.json; sourceTree = "<group>"; };
		FDA6D4A025C9A4D000B3DB9D /* Bundle-Decodable.swift */ = {isa = PBXFileReference; lastKnownFileType = sourcecode.swift; path = "Bundle-Decodable.swift"; sourceTree = "<group>"; };
		FDA6D4A525C9A78E00B3DB9D /* Astronaut.swift */ = {isa = PBXFileReference; lastKnownFileType = sourcecode.swift; path = Astronaut.swift; sourceTree = "<group>"; };
		FDA6D4AA25C9A9AF00B3DB9D /* Mission.swift */ = {isa = PBXFileReference; lastKnownFileType = sourcecode.swift; path = Mission.swift; sourceTree = "<group>"; };
		FDAC849225C6D9FC0015D268 /* ClassVsStruct.swift */ = {isa = PBXFileReference; lastKnownFileType = sourcecode.swift; path = ClassVsStruct.swift; sourceTree = "<group>"; };
		FDAC849725C6DAF40015D268 /* StateWithObservedObject.swift */ = {isa = PBXFileReference; lastKnownFileType = sourcecode.swift; path = StateWithObservedObject.swift; sourceTree = "<group>"; };
		FDAC849C25C6DCE90015D268 /* ShowHideViews.swift */ = {isa = PBXFileReference; lastKnownFileType = sourcecode.swift; path = ShowHideViews.swift; sourceTree = "<group>"; };
		FDAC84A125C6E7230015D268 /* OnDelete.swift */ = {isa = PBXFileReference; lastKnownFileType = sourcecode.swift; path = OnDelete.swift; sourceTree = "<group>"; };
		FDAC84A625C6EAF30015D268 /* UserDefaultStoreData.swift */ = {isa = PBXFileReference; lastKnownFileType = sourcecode.swift; path = UserDefaultStoreData.swift; sourceTree = "<group>"; };
		FDAC84AB25C6F5150015D268 /* CodableSwiftObjects.swift */ = {isa = PBXFileReference; lastKnownFileType = sourcecode.swift; path = CodableSwiftObjects.swift; sourceTree = "<group>"; };
		FDAC84B025C6F8BB0015D268 /* iExpense.swift */ = {isa = PBXFileReference; lastKnownFileType = sourcecode.swift; path = iExpense.swift; sourceTree = "<group>"; };
		FDAC84B525C7012B0015D268 /* AddView.swift */ = {isa = PBXFileReference; lastKnownFileType = sourcecode.swift; path = AddView.swift; sourceTree = "<group>"; };
		FDAE8A6325E2B00D002089A2 /* DetailView.swift */ = {isa = PBXFileReference; lastKnownFileType = sourcecode.swift; path = DetailView.swift; sourceTree = "<group>"; };
		FDEAE595260F0F7A0042B72B /* PropertyWrappersBecomesStruct.swift */ = {isa = PBXFileReference; lastKnownFileType = sourcecode.swift; path = PropertyWrappersBecomesStruct.swift; sourceTree = "<group>"; };
		FDEAE59A260F14B00042B72B /* CustomBinding.swift */ = {isa = PBXFileReference; lastKnownFileType = sourcecode.swift; path = CustomBinding.swift; sourceTree = "<group>"; };
		FDEAE59F260F24120042B72B /* ShowingMultipleOptionsWithActionSheet.swift */ = {isa = PBXFileReference; lastKnownFileType = sourcecode.swift; path = ShowingMultipleOptionsWithActionSheet.swift; sourceTree = "<group>"; };
		FDEAE5A4260F266B0042B72B /* IntegratingCoreImageWithSwiftUI.swift */ = {isa = PBXFileReference; lastKnownFileType = sourcecode.swift; path = IntegratingCoreImageWithSwiftUI.swift; sourceTree = "<group>"; };
		FDEAE5A9260F3DB20042B72B /* WrappingUIViewControllerInSwiftUIView.swift */ = {isa = PBXFileReference; lastKnownFileType = sourcecode.swift; path = WrappingUIViewControllerInSwiftUIView.swift; sourceTree = "<group>"; };
		FDEAE5AE260F3F530042B72B /* ImagePicker.swift */ = {isa = PBXFileReference; lastKnownFileType = sourcecode.swift; path = ImagePicker.swift; sourceTree = "<group>"; };
/* End PBXFileReference section */

/* Begin PBXFrameworksBuildPhase section */
		FD07FEF225BD954700A02404 /* Frameworks */ = {
			isa = PBXFrameworksBuildPhase;
			buildActionMask = 2147483647;
			files = (
			);
			runOnlyForDeploymentPostprocessing = 0;
		};
		FD07FF0325BD954F00A02404 /* Frameworks */ = {
			isa = PBXFrameworksBuildPhase;
			buildActionMask = 2147483647;
			files = (
			);
			runOnlyForDeploymentPostprocessing = 0;
		};
		FD07FF0E25BD954F00A02404 /* Frameworks */ = {
			isa = PBXFrameworksBuildPhase;
			buildActionMask = 2147483647;
			files = (
			);
			runOnlyForDeploymentPostprocessing = 0;
		};
/* End PBXFrameworksBuildPhase section */

/* Begin PBXGroup section */
		FD07FEEC25BD954700A02404 = {
			isa = PBXGroup;
			children = (
				FD07FEF725BD954700A02404 /* H100DaysOfSwiftUI */,
				FD07FF0925BD954F00A02404 /* H100DaysOfSwiftUITests */,
				FD07FF1425BD954F00A02404 /* H100DaysOfSwiftUIUITests */,
				FD07FEF625BD954700A02404 /* Products */,
			);
			sourceTree = "<group>";
		};
		FD07FEF625BD954700A02404 /* Products */ = {
			isa = PBXGroup;
			children = (
				FD07FEF525BD954700A02404 /* H100DaysOfSwiftUI.app */,
				FD07FF0625BD954F00A02404 /* H100DaysOfSwiftUITests.xctest */,
				FD07FF1125BD954F00A02404 /* H100DaysOfSwiftUIUITests.xctest */,
			);
			name = Products;
			sourceTree = "<group>";
		};
		FD07FEF725BD954700A02404 /* H100DaysOfSwiftUI */ = {
			isa = PBXGroup;
			children = (
				FDEAE591260F0D710042B72B /* Project13 */,
				FDA0F6DB25EE844A0088FABA /* Project12 */,
				FD5B503125D4290100D0F0EE /* Project11 */,
				FD33353325CFFDC400385254 /* Project10 */,
				FD88848D25CEB136003AD159 /* Project9 */,
				FD1C192625C84D6600C91734 /* Project8 */,
				FDAC849125C6D8EB0015D268 /* Project7 */,
				FD77BCB025C58651006C2869 /* Project6 */,
				FD8429AF25C458F800D9B0DF /* Project5 */,
				FD474F6D25C1B1B300FE88E4 /* Project4 */,
				FD8F52E625C0340F0011A0F9 /* Project3 */,
				FD5236FC25BF0EFF00CEAA3B /* Project2 */,
				FD07FF2625BD96AE00A02404 /* Project 1 */,
				FD07FEF825BD954700A02404 /* H100DaysOfSwiftUIApp.swift */,
				FD07FEFA25BD954700A02404 /* ContentView.swift */,
				FD07FEFC25BD954E00A02404 /* Assets.xcassets */,
				FD07FF0125BD954E00A02404 /* Info.plist */,
				FD474F7E25C1BE7900FE88E4 /* SleepCalculator.mlmodel */,
				FD8429CA25C46F1800D9B0DF /* start.txt */,
				FD88813026064F220019CE17 /* MyModel.xcdatamodeld */,
				FDA6D49A25C9A37500B3DB9D /* astronauts.json */,
				FDA6D49925C9A37400B3DB9D /* missions.json */,
				FD07FEFE25BD954E00A02404 /* Preview Content */,
				FD17B05925D59145007213B1 /* Persistent.swift */,
			);
			path = H100DaysOfSwiftUI;
			sourceTree = "<group>";
		};
		FD07FEFE25BD954E00A02404 /* Preview Content */ = {
			isa = PBXGroup;
			children = (
				FD07FEFF25BD954E00A02404 /* Preview Assets.xcassets */,
			);
			path = "Preview Content";
			sourceTree = "<group>";
		};
		FD07FF0925BD954F00A02404 /* H100DaysOfSwiftUITests */ = {
			isa = PBXGroup;
			children = (
				FD07FF0A25BD954F00A02404 /* H100DaysOfSwiftUITests.swift */,
				FD07FF0C25BD954F00A02404 /* Info.plist */,
			);
			path = H100DaysOfSwiftUITests;
			sourceTree = "<group>";
		};
		FD07FF1425BD954F00A02404 /* H100DaysOfSwiftUIUITests */ = {
			isa = PBXGroup;
			children = (
				FD07FF1525BD954F00A02404 /* H100DaysOfSwiftUIUITests.swift */,
				FD07FF1725BD954F00A02404 /* Info.plist */,
			);
			path = H100DaysOfSwiftUIUITests;
			sourceTree = "<group>";
		};
		FD07FF2625BD96AE00A02404 /* Project 1 */ = {
			isa = PBXGroup;
			children = (
				FD07FF2725BD96DC00A02404 /* Day16.swift */,
				FD07FF2C25BD97E900A02404 /* Day 16 NavigationView.swift */,
				FD07FF3125BD9A8F00A02404 /* state.swift */,
				FD07FF3625BD9E1B00A02404 /* Day16 Picker.swift */,
				FD07FF3B25BDA20800A02404 /* project.swift */,
				FD3F0FCE25BDC6EB00B92B69 /* TempCalc.swift */,
			);
			path = "Project 1";
			sourceTree = "<group>";
		};
		FD1C192625C84D6600C91734 /* Project8 */ = {
			isa = PBXGroup;
			children = (
				FD1C192825C84DCB00C91734 /* ResizeImageUsingGeometryReader.swift */,
				FD1C192E25C8543400C91734 /* ScrollViewWithScrollingData.swift */,
				FDA6D48A25C99B9000B3DB9D /* NavigationLinks.swift */,
				FDA6D48F25C99D7B00B3DB9D /* HierarchicalCodableData.swift */,
				FDA6D49425C9A2FD00B3DB9D /* Moonshot.swift */,
				FDA6D4AA25C9A9AF00B3DB9D /* Mission.swift */,
				FD11F7BC25CC4680008A1D26 /* MissionView.swift */,
				FD11F7C125CC5EF7008A1D26 /* AstronautView.swift */,
				FDA6D4A525C9A78E00B3DB9D /* Astronaut.swift */,
				FDA6D4A025C9A4D000B3DB9D /* Bundle-Decodable.swift */,
			);
			path = Project8;
			sourceTree = "<group>";
		};
		FD33353325CFFDC400385254 /* Project10 */ = {
			isa = PBXGroup;
			children = (
				FD33353425CFFDFF00385254 /* CodableConformancePublishedProperties.swift */,
				FD33353F25D0053C00385254 /* URLSessionSendingRecievingCodableData.swift */,
				FD33354925D0346300385254 /* Order.swift */,
				FD33354E25D035E800385254 /* CupCakes.swift */,
				FD33355325D03A9800385254 /* AddressView.swift */,
				FD11CCDE25D1852400A035FD /* CheckoutView.swift */,
				FD33354425D00F5400385254 /* ValidatingDisablingForm.swift */,
			);
			path = Project10;
			sourceTree = "<group>";
		};
		FD474F6D25C1B1B300FE88E4 /* Project4 */ = {
			isa = PBXGroup;
			children = (
				FD474F7125C1BA8800FE88E4 /* BetterRest.swift */,
			);
			path = Project4;
			sourceTree = "<group>";
		};
		FD5236FC25BF0EFF00CEAA3B /* Project2 */ = {
			isa = PBXGroup;
			children = (
				FD5236FD25BF13BF00CEAA3B /* GuessTheFlag.swift */,
			);
			path = Project2;
			sourceTree = "<group>";
		};
		FD5B503125D4290100D0F0EE /* Project11 */ = {
			isa = PBXGroup;
			children = (
				FD5B503225D4298300D0F0EE /* CustomComponentWithBinding.swift */,
				FD5B503725D42D1600D0F0EE /* SizeClassesWithAnyViewTypeErasure.swift */,
				FD17B04B25D590A9007213B1 /* CombineCoreDataWithSwiftUI.swift */,
				FD53A1C525D9426F00D807D6 /* BookWorm.swift */,
				FDAE8A6325E2B00D002089A2 /* DetailView.swift */,
				FD53A1D025D9440D00D807D6 /* AddBookView.swift */,
				FD53A1DB25D94C6B00D807D6 /* RatingView.swift */,
				FD53A1E025D9525600D807D6 /* EmojiRatingView.swift */,
			);
			path = Project11;
			sourceTree = "<group>";
		};
		FD77BCB025C58651006C2869 /* Project6 */ = {
			isa = PBXGroup;
			children = (
				FD77BCB125C5869F006C2869 /* ImplicitAnimation.swift */,
				FD77BCB625C58849006C2869 /* CustomizeAnimation.swift */,
				FD77BCBB25C58BC9006C2869 /* AnimatingBinding.swift */,
				FD77BCC025C58E73006C2869 /* ExplicitAnimation.swift */,
				FD77BCC525C590AA006C2869 /* ControllingAnimationStack.swift */,
				FD77BCCA25C59770006C2869 /* AnimatingGesture.swift */,
				FD77BCCF25C59CE6006C2869 /* ShowHideViewAnim.swift */,
				FD77BCD425C59FBB006C2869 /* CustomTransitionWIthViewModifier.swift */,
			);
			path = Project6;
			sourceTree = "<group>";
		};
		FD8429AF25C458F800D9B0DF /* Project5 */ = {
			isa = PBXGroup;
			children = (
				FD8429B325C45CB000D9B0DF /* Lists.swift */,
				FD8429BB25C4625500D9B0DF /* LoadingResourcesFromAppBundle.swift */,
				FD8429C025C463D100D9B0DF /* WorkingWithStrings.swift */,
				FD8429C525C4684900D9B0DF /* WordScramble.swift */,
			);
			path = Project5;
			sourceTree = "<group>";
		};
		FD88848D25CEB136003AD159 /* Project9 */ = {
			isa = PBXGroup;
			children = (
				FD88848E25CEB14E003AD159 /* CreatingCustomPaths.swift */,
				FD88849325CEB592003AD159 /* PathVsShapes.swift */,
				FD88849825CEBAD3003AD159 /* StrokeBorder.swift */,
				FD88849D25CEBE12003AD159 /* CGAffineTransforms.swift */,
				FD8884A525CEDC05003AD159 /* ImagePaints.swift */,
				FD8884AB25CEE5F2003AD159 /* MetalRendering.swift */,
				FD8884B025CEE7D7003AD159 /* BlursBlending.swift */,
				FD8884B525CEEABF003AD159 /* AnimatableData.swift */,
				FD8884BA25CEEC55003AD159 /* AnimatablePairs.swift */,
				FD8884BF25CEEE4D003AD159 /* SpirographDig.swift */,
			);
			path = Project9;
			sourceTree = "<group>";
		};
		FD8F52E625C0340F0011A0F9 /* Project3 */ = {
			isa = PBXGroup;
			children = (
				FD8F52EA25C03E0A0011A0F9 /* viewComposition.swift */,
				FD8F52EF25C03EE60011A0F9 /* CustomModifier.swift */,
				FD8F52F425C041C30011A0F9 /* CustomContainers.swift */,
			);
			path = Project3;
			sourceTree = "<group>";
		};
		FDA0F6DB25EE844A0088FABA /* Project12 */ = {
			isa = PBXGroup;
			children = (
				FD888141260654E90019CE17 /* Candy+CoreDataClass.swift */,
				FD888142260654E90019CE17 /* Candy+CoreDataProperties.swift */,
				FD888143260654E90019CE17 /* Country+CoreDataClass.swift */,
				FD888144260654E90019CE17 /* Country+CoreDataProperties.swift */,
				FD88812126064D3F0019CE17 /* Singer+CoreDataProperties.swift */,
				FD88812026064D3F0019CE17 /* Singer+CoreDataClass.swift */,
				FDA0F6E925EE8E8D0088FABA /* Movie+CoreDataClass.swift */,
				FDA0F6EA25EE8E8D0088FABA /* Movie+CoreDataProperties.swift */,
				FDA0F6DC25EE846B0088FABA /* SlashSotSelf.swift */,
				FDA0F6E125EE863A0088FABA /* Hashables.swift */,
				FDA0F6F025EE91230088FABA /* ConditionalsavingofNSManagedObjectContext.swift */,
				FDA0F6F525EE91EF0088FABA /* EnsuringCoreDataObjectsAreUniqueUsingConstraints.swift */,
				FDA0F70125EE990E0088FABA /* FilteringFetchRequestUsingNSPredicate.swift */,
				FD88811B26064C9B0019CE17 /* DynamicFiltering.swift */,
				FD88813C26064FB60019CE17 /* FilteredList.swift */,
				FD88814C2606564D0019CE17 /* OneToManyRelationship.swift */,
			);
			path = Project12;
			sourceTree = "<group>";
		};
		FDAC849125C6D8EB0015D268 /* Project7 */ = {
			isa = PBXGroup;
			children = (
				FDAC849225C6D9FC0015D268 /* ClassVsStruct.swift */,
				FDAC849725C6DAF40015D268 /* StateWithObservedObject.swift */,
				FDAC849C25C6DCE90015D268 /* ShowHideViews.swift */,
				FDAC84A125C6E7230015D268 /* OnDelete.swift */,
				FDAC84A625C6EAF30015D268 /* UserDefaultStoreData.swift */,
				FDAC84AB25C6F5150015D268 /* CodableSwiftObjects.swift */,
				FDAC84B025C6F8BB0015D268 /* iExpense.swift */,
				FDAC84B525C7012B0015D268 /* AddView.swift */,
			);
			path = Project7;
			sourceTree = "<group>";
		};
		FDEAE591260F0D710042B72B /* Project13 */ = {
			isa = PBXGroup;
			children = (
				FDEAE595260F0F7A0042B72B /* PropertyWrappersBecomesStruct.swift */,
				FDEAE59A260F14B00042B72B /* CustomBinding.swift */,
				FDEAE59F260F24120042B72B /* ShowingMultipleOptionsWithActionSheet.swift */,
				FDEAE5A4260F266B0042B72B /* IntegratingCoreImageWithSwiftUI.swift */,
				FDEAE5A9260F3DB20042B72B /* WrappingUIViewControllerInSwiftUIView.swift */,
				FDEAE5AE260F3F530042B72B /* ImagePicker.swift */,
			);
			path = Project13;
			sourceTree = "<group>";
		};
/* End PBXGroup section */

/* Begin PBXNativeTarget section */
		FD07FEF425BD954700A02404 /* H100DaysOfSwiftUI */ = {
			isa = PBXNativeTarget;
			buildConfigurationList = FD07FF1A25BD954F00A02404 /* Build configuration list for PBXNativeTarget "H100DaysOfSwiftUI" */;
			buildPhases = (
				FD07FEF125BD954700A02404 /* Sources */,
				FD07FEF225BD954700A02404 /* Frameworks */,
				FD07FEF325BD954700A02404 /* Resources */,
			);
			buildRules = (
			);
			dependencies = (
			);
			name = H100DaysOfSwiftUI;
			productName = H100DaysOfSwiftUI;
			productReference = FD07FEF525BD954700A02404 /* H100DaysOfSwiftUI.app */;
			productType = "com.apple.product-type.application";
		};
		FD07FF0525BD954F00A02404 /* H100DaysOfSwiftUITests */ = {
			isa = PBXNativeTarget;
			buildConfigurationList = FD07FF1D25BD954F00A02404 /* Build configuration list for PBXNativeTarget "H100DaysOfSwiftUITests" */;
			buildPhases = (
				FD07FF0225BD954F00A02404 /* Sources */,
				FD07FF0325BD954F00A02404 /* Frameworks */,
				FD07FF0425BD954F00A02404 /* Resources */,
			);
			buildRules = (
			);
			dependencies = (
				FD07FF0825BD954F00A02404 /* PBXTargetDependency */,
			);
			name = H100DaysOfSwiftUITests;
			productName = H100DaysOfSwiftUITests;
			productReference = FD07FF0625BD954F00A02404 /* H100DaysOfSwiftUITests.xctest */;
			productType = "com.apple.product-type.bundle.unit-test";
		};
		FD07FF1025BD954F00A02404 /* H100DaysOfSwiftUIUITests */ = {
			isa = PBXNativeTarget;
			buildConfigurationList = FD07FF2025BD954F00A02404 /* Build configuration list for PBXNativeTarget "H100DaysOfSwiftUIUITests" */;
			buildPhases = (
				FD07FF0D25BD954F00A02404 /* Sources */,
				FD07FF0E25BD954F00A02404 /* Frameworks */,
				FD07FF0F25BD954F00A02404 /* Resources */,
			);
			buildRules = (
			);
			dependencies = (
				FD07FF1325BD954F00A02404 /* PBXTargetDependency */,
			);
			name = H100DaysOfSwiftUIUITests;
			productName = H100DaysOfSwiftUIUITests;
			productReference = FD07FF1125BD954F00A02404 /* H100DaysOfSwiftUIUITests.xctest */;
			productType = "com.apple.product-type.bundle.ui-testing";
		};
/* End PBXNativeTarget section */

/* Begin PBXProject section */
		FD07FEED25BD954700A02404 /* Project object */ = {
			isa = PBXProject;
			attributes = {
				LastSwiftUpdateCheck = 1220;
				LastUpgradeCheck = 1220;
				TargetAttributes = {
					FD07FEF425BD954700A02404 = {
						CreatedOnToolsVersion = 12.2;
					};
					FD07FF0525BD954F00A02404 = {
						CreatedOnToolsVersion = 12.2;
						TestTargetID = FD07FEF425BD954700A02404;
					};
					FD07FF1025BD954F00A02404 = {
						CreatedOnToolsVersion = 12.2;
						TestTargetID = FD07FEF425BD954700A02404;
					};
				};
			};
			buildConfigurationList = FD07FEF025BD954700A02404 /* Build configuration list for PBXProject "H100DaysOfSwiftUI" */;
			compatibilityVersion = "Xcode 9.3";
			developmentRegion = en;
			hasScannedForEncodings = 0;
			knownRegions = (
				en,
				Base,
			);
			mainGroup = FD07FEEC25BD954700A02404;
			productRefGroup = FD07FEF625BD954700A02404 /* Products */;
			projectDirPath = "";
			projectRoot = "";
			targets = (
				FD07FEF425BD954700A02404 /* H100DaysOfSwiftUI */,
				FD07FF0525BD954F00A02404 /* H100DaysOfSwiftUITests */,
				FD07FF1025BD954F00A02404 /* H100DaysOfSwiftUIUITests */,
			);
		};
/* End PBXProject section */

/* Begin PBXResourcesBuildPhase section */
		FD07FEF325BD954700A02404 /* Resources */ = {
			isa = PBXResourcesBuildPhase;
			buildActionMask = 2147483647;
			files = (
				FD07FF0025BD954E00A02404 /* Preview Assets.xcassets in Resources */,
				FD8429CB25C46F1800D9B0DF /* start.txt in Resources */,
				FDA6D49B25C9A37500B3DB9D /* missions.json in Resources */,
				FDA6D49C25C9A37500B3DB9D /* astronauts.json in Resources */,
				FD07FEFD25BD954E00A02404 /* Assets.xcassets in Resources */,
			);
			runOnlyForDeploymentPostprocessing = 0;
		};
		FD07FF0425BD954F00A02404 /* Resources */ = {
			isa = PBXResourcesBuildPhase;
			buildActionMask = 2147483647;
			files = (
			);
			runOnlyForDeploymentPostprocessing = 0;
		};
		FD07FF0F25BD954F00A02404 /* Resources */ = {
			isa = PBXResourcesBuildPhase;
			buildActionMask = 2147483647;
			files = (
			);
			runOnlyForDeploymentPostprocessing = 0;
		};
/* End PBXResourcesBuildPhase section */

/* Begin PBXSourcesBuildPhase section */
		FD07FEF125BD954700A02404 /* Sources */ = {
			isa = PBXSourcesBuildPhase;
			buildActionMask = 2147483647;
			files = (
				FD07FF3725BD9E1B00A02404 /* Day16 Picker.swift in Sources */,
				FD07FEFB25BD954700A02404 /* ContentView.swift in Sources */,
				FD8F52F525C041C30011A0F9 /* CustomContainers.swift in Sources */,
				FD3F0FCF25BDC6EB00B92B69 /* TempCalc.swift in Sources */,
				FD07FEF925BD954700A02404 /* H100DaysOfSwiftUIApp.swift in Sources */,
				FDAE8A6425E2B00D002089A2 /* DetailView.swift in Sources */,
				FD33354F25D035E800385254 /* CupCakes.swift in Sources */,
				FD17B05A25D59145007213B1 /* Persistent.swift in Sources */,
				FD33354025D0053C00385254 /* URLSessionSendingRecievingCodableData.swift in Sources */,
				FD07FF3225BD9A8F00A02404 /* state.swift in Sources */,
				FD5B503325D4298300D0F0EE /* CustomComponentWithBinding.swift in Sources */,
				FDA0F70225EE990E0088FABA /* FilteringFetchRequestUsingNSPredicate.swift in Sources */,
				FD11F7C225CC5EF7008A1D26 /* AstronautView.swift in Sources */,
				FDAC849825C6DAF40015D268 /* StateWithObservedObject.swift in Sources */,
				FD88813226064F220019CE17 /* MyModel.xcdatamodeld in Sources */,
				FDA6D49025C99D7B00B3DB9D /* HierarchicalCodableData.swift in Sources */,
				FD88848F25CEB14E003AD159 /* CreatingCustomPaths.swift in Sources */,
				FD77BCB225C5869F006C2869 /* ImplicitAnimation.swift in Sources */,
				FD88812226064D3F0019CE17 /* Singer+CoreDataClass.swift in Sources */,
				FDA0F6EC25EE8E8D0088FABA /* Movie+CoreDataProperties.swift in Sources */,
				FDAC84B625C7012B0015D268 /* AddView.swift in Sources */,
				FDA6D48B25C99B9000B3DB9D /* NavigationLinks.swift in Sources */,
				FD33354525D00F5400385254 /* ValidatingDisablingForm.swift in Sources */,
				FD888147260654E90019CE17 /* Country+CoreDataClass.swift in Sources */,
				FD11F7BD25CC4680008A1D26 /* MissionView.swift in Sources */,
				FD77BCC625C590AA006C2869 /* ControllingAnimationStack.swift in Sources */,
				FDEAE596260F0F7A0042B72B /* PropertyWrappersBecomesStruct.swift in Sources */,
				FDA6D4AB25C9A9AF00B3DB9D /* Mission.swift in Sources */,
				FD8429BC25C4625500D9B0DF /* LoadingResourcesFromAppBundle.swift in Sources */,
				FDEAE59B260F14B00042B72B /* CustomBinding.swift in Sources */,
				FD33353525CFFDFF00385254 /* CodableConformancePublishedProperties.swift in Sources */,
				FD77BCD525C59FBB006C2869 /* CustomTransitionWIthViewModifier.swift in Sources */,
				FD88812326064D3F0019CE17 /* Singer+CoreDataProperties.swift in Sources */,
				FDAC84B125C6F8BB0015D268 /* iExpense.swift in Sources */,
				FD474F7225C1BA8800FE88E4 /* BetterRest.swift in Sources */,
				FD8429C625C4684A00D9B0DF /* WordScramble.swift in Sources */,
				FDEAE5A5260F266B0042B72B /* IntegratingCoreImageWithSwiftUI.swift in Sources */,
				FD77BCB725C58849006C2869 /* CustomizeAnimation.swift in Sources */,
				FD1C192925C84DCB00C91734 /* ResizeImageUsingGeometryReader.swift in Sources */,
				FD88849925CEBAD3003AD159 /* StrokeBorder.swift in Sources */,
				FD53A1E125D9525600D807D6 /* EmojiRatingView.swift in Sources */,
				FDA0F6DD25EE846B0088FABA /* SlashSotSelf.swift in Sources */,
				FD53A1DC25D94C6B00D807D6 /* RatingView.swift in Sources */,
				FD888146260654E90019CE17 /* Candy+CoreDataProperties.swift in Sources */,
				FD88814D2606564D0019CE17 /* OneToManyRelationship.swift in Sources */,
				FDA0F6F625EE91EF0088FABA /* EnsuringCoreDataObjectsAreUniqueUsingConstraints.swift in Sources */,
				FD8884A625CEDC05003AD159 /* ImagePaints.swift in Sources */,
				FD33354A25D0346300385254 /* Order.swift in Sources */,
				FD07FF2D25BD97E900A02404 /* Day 16 NavigationView.swift in Sources */,
				FD8429B425C45CB000D9B0DF /* Lists.swift in Sources */,
				FD5236FE25BF13BF00CEAA3B /* GuessTheFlag.swift in Sources */,
				FDA6D49525C9A2FE00B3DB9D /* Moonshot.swift in Sources */,
				FD88813D26064FB60019CE17 /* FilteredList.swift in Sources */,
				FDAC84A225C6E7230015D268 /* OnDelete.swift in Sources */,
				FDEAE5AF260F3F530042B72B /* ImagePicker.swift in Sources */,
				FD53A1D125D9440D00D807D6 /* AddBookView.swift in Sources */,
				FD07FF2825BD96DC00A02404 /* Day16.swift in Sources */,
				FD77BCCB25C59770006C2869 /* AnimatingGesture.swift in Sources */,
				FD8884AC25CEE5F2003AD159 /* MetalRendering.swift in Sources */,
				FD1C192F25C8543400C91734 /* ScrollViewWithScrollingData.swift in Sources */,
				FDA6D4A125C9A4D000B3DB9D /* Bundle-Decodable.swift in Sources */,
				FD88849E25CEBE12003AD159 /* CGAffineTransforms.swift in Sources */,
				FD77BCD025C59CE6006C2869 /* ShowHideViewAnim.swift in Sources */,
				FDAC84AC25C6F5150015D268 /* CodableSwiftObjects.swift in Sources */,
				FD8884B125CEE7D7003AD159 /* BlursBlending.swift in Sources */,
				FD8429C125C463D100D9B0DF /* WorkingWithStrings.swift in Sources */,
				FD474F7F25C1BE7900FE88E4 /* SleepCalculator.mlmodel in Sources */,
				FDAC849325C6D9FC0015D268 /* ClassVsStruct.swift in Sources */,
				FDAC849D25C6DCE90015D268 /* ShowHideViews.swift in Sources */,
				FD07FF3C25BDA20800A02404 /* project.swift in Sources */,
				FD17B04C25D590A9007213B1 /* CombineCoreDataWithSwiftUI.swift in Sources */,
				FDAC84A725C6EAF30015D268 /* UserDefaultStoreData.swift in Sources */,
				FD88811C26064C9B0019CE17 /* DynamicFiltering.swift in Sources */,
				FDA6D4A625C9A78E00B3DB9D /* Astronaut.swift in Sources */,
				FDA0F6EB25EE8E8D0088FABA /* Movie+CoreDataClass.swift in Sources */,
				FD77BCBC25C58BC9006C2869 /* AnimatingBinding.swift in Sources */,
				FD11CCDF25D1852400A035FD /* CheckoutView.swift in Sources */,
				FDEAE5AA260F3DB20042B72B /* WrappingUIViewControllerInSwiftUIView.swift in Sources */,
				FD8F52EB25C03E0A0011A0F9 /* viewComposition.swift in Sources */,
				FDEAE5A0260F24120042B72B /* ShowingMultipleOptionsWithActionSheet.swift in Sources */,
				FD8884BB25CEEC55003AD159 /* AnimatablePairs.swift in Sources */,
				FD888145260654E90019CE17 /* Candy+CoreDataClass.swift in Sources */,
				FD33355425D03A9900385254 /* AddressView.swift in Sources */,
				FD888148260654E90019CE17 /* Country+CoreDataProperties.swift in Sources */,
				FDA0F6E225EE863A0088FABA /* Hashables.swift in Sources */,
				FD5B503825D42D1600D0F0EE /* SizeClassesWithAnyViewTypeErasure.swift in Sources */,
				FDA0F6F125EE91230088FABA /* ConditionalsavingofNSManagedObjectContext.swift in Sources */,
				FD77BCC125C58E73006C2869 /* ExplicitAnimation.swift in Sources */,
				FD8F52F025C03EE60011A0F9 /* CustomModifier.swift in Sources */,
				FD53A1C625D9426F00D807D6 /* BookWorm.swift in Sources */,
				FD88849425CEB592003AD159 /* PathVsShapes.swift in Sources */,
				FD8884B625CEEABF003AD159 /* AnimatableData.swift in Sources */,
				FD8884C025CEEE4D003AD159 /* SpirographDig.swift in Sources */,
			);
			runOnlyForDeploymentPostprocessing = 0;
		};
		FD07FF0225BD954F00A02404 /* Sources */ = {
			isa = PBXSourcesBuildPhase;
			buildActionMask = 2147483647;
			files = (
				FD07FF0B25BD954F00A02404 /* H100DaysOfSwiftUITests.swift in Sources */,
			);
			runOnlyForDeploymentPostprocessing = 0;
		};
		FD07FF0D25BD954F00A02404 /* Sources */ = {
			isa = PBXSourcesBuildPhase;
			buildActionMask = 2147483647;
			files = (
				FD07FF1625BD954F00A02404 /* H100DaysOfSwiftUIUITests.swift in Sources */,
			);
			runOnlyForDeploymentPostprocessing = 0;
		};
/* End PBXSourcesBuildPhase section */

/* Begin PBXTargetDependency section */
		FD07FF0825BD954F00A02404 /* PBXTargetDependency */ = {
			isa = PBXTargetDependency;
			target = FD07FEF425BD954700A02404 /* H100DaysOfSwiftUI */;
			targetProxy = FD07FF0725BD954F00A02404 /* PBXContainerItemProxy */;
		};
		FD07FF1325BD954F00A02404 /* PBXTargetDependency */ = {
			isa = PBXTargetDependency;
			target = FD07FEF425BD954700A02404 /* H100DaysOfSwiftUI */;
			targetProxy = FD07FF1225BD954F00A02404 /* PBXContainerItemProxy */;
		};
/* End PBXTargetDependency section */

/* Begin XCBuildConfiguration section */
		FD07FF1825BD954F00A02404 /* Debug */ = {
			isa = XCBuildConfiguration;
			buildSettings = {
				ALWAYS_SEARCH_USER_PATHS = NO;
				CLANG_ANALYZER_NONNULL = YES;
				CLANG_ANALYZER_NUMBER_OBJECT_CONVERSION = YES_AGGRESSIVE;
				CLANG_CXX_LANGUAGE_STANDARD = "gnu++14";
				CLANG_CXX_LIBRARY = "libc++";
				CLANG_ENABLE_MODULES = YES;
				CLANG_ENABLE_OBJC_ARC = YES;
				CLANG_ENABLE_OBJC_WEAK = YES;
				CLANG_WARN_BLOCK_CAPTURE_AUTORELEASING = YES;
				CLANG_WARN_BOOL_CONVERSION = YES;
				CLANG_WARN_COMMA = YES;
				CLANG_WARN_CONSTANT_CONVERSION = YES;
				CLANG_WARN_DEPRECATED_OBJC_IMPLEMENTATIONS = YES;
				CLANG_WARN_DIRECT_OBJC_ISA_USAGE = YES_ERROR;
				CLANG_WARN_DOCUMENTATION_COMMENTS = YES;
				CLANG_WARN_EMPTY_BODY = YES;
				CLANG_WARN_ENUM_CONVERSION = YES;
				CLANG_WARN_INFINITE_RECURSION = YES;
				CLANG_WARN_INT_CONVERSION = YES;
				CLANG_WARN_NON_LITERAL_NULL_CONVERSION = YES;
				CLANG_WARN_OBJC_IMPLICIT_RETAIN_SELF = YES;
				CLANG_WARN_OBJC_LITERAL_CONVERSION = YES;
				CLANG_WARN_OBJC_ROOT_CLASS = YES_ERROR;
				CLANG_WARN_QUOTED_INCLUDE_IN_FRAMEWORK_HEADER = YES;
				CLANG_WARN_RANGE_LOOP_ANALYSIS = YES;
				CLANG_WARN_STRICT_PROTOTYPES = YES;
				CLANG_WARN_SUSPICIOUS_MOVE = YES;
				CLANG_WARN_UNGUARDED_AVAILABILITY = YES_AGGRESSIVE;
				CLANG_WARN_UNREACHABLE_CODE = YES;
				CLANG_WARN__DUPLICATE_METHOD_MATCH = YES;
				COPY_PHASE_STRIP = NO;
				DEBUG_INFORMATION_FORMAT = dwarf;
				ENABLE_STRICT_OBJC_MSGSEND = YES;
				ENABLE_TESTABILITY = YES;
				GCC_C_LANGUAGE_STANDARD = gnu11;
				GCC_DYNAMIC_NO_PIC = NO;
				GCC_NO_COMMON_BLOCKS = YES;
				GCC_OPTIMIZATION_LEVEL = 0;
				GCC_PREPROCESSOR_DEFINITIONS = (
					"DEBUG=1",
					"$(inherited)",
				);
				GCC_WARN_64_TO_32_BIT_CONVERSION = YES;
				GCC_WARN_ABOUT_RETURN_TYPE = YES_ERROR;
				GCC_WARN_UNDECLARED_SELECTOR = YES;
				GCC_WARN_UNINITIALIZED_AUTOS = YES_AGGRESSIVE;
				GCC_WARN_UNUSED_FUNCTION = YES;
				GCC_WARN_UNUSED_VARIABLE = YES;
				IPHONEOS_DEPLOYMENT_TARGET = 14.4;
				MTL_ENABLE_DEBUG_INFO = INCLUDE_SOURCE;
				MTL_FAST_MATH = YES;
				ONLY_ACTIVE_ARCH = YES;
				SDKROOT = iphoneos;
				SWIFT_ACTIVE_COMPILATION_CONDITIONS = DEBUG;
				SWIFT_OPTIMIZATION_LEVEL = "-Onone";
			};
			name = Debug;
		};
		FD07FF1925BD954F00A02404 /* Release */ = {
			isa = XCBuildConfiguration;
			buildSettings = {
				ALWAYS_SEARCH_USER_PATHS = NO;
				CLANG_ANALYZER_NONNULL = YES;
				CLANG_ANALYZER_NUMBER_OBJECT_CONVERSION = YES_AGGRESSIVE;
				CLANG_CXX_LANGUAGE_STANDARD = "gnu++14";
				CLANG_CXX_LIBRARY = "libc++";
				CLANG_ENABLE_MODULES = YES;
				CLANG_ENABLE_OBJC_ARC = YES;
				CLANG_ENABLE_OBJC_WEAK = YES;
				CLANG_WARN_BLOCK_CAPTURE_AUTORELEASING = YES;
				CLANG_WARN_BOOL_CONVERSION = YES;
				CLANG_WARN_COMMA = YES;
				CLANG_WARN_CONSTANT_CONVERSION = YES;
				CLANG_WARN_DEPRECATED_OBJC_IMPLEMENTATIONS = YES;
				CLANG_WARN_DIRECT_OBJC_ISA_USAGE = YES_ERROR;
				CLANG_WARN_DOCUMENTATION_COMMENTS = YES;
				CLANG_WARN_EMPTY_BODY = YES;
				CLANG_WARN_ENUM_CONVERSION = YES;
				CLANG_WARN_INFINITE_RECURSION = YES;
				CLANG_WARN_INT_CONVERSION = YES;
				CLANG_WARN_NON_LITERAL_NULL_CONVERSION = YES;
				CLANG_WARN_OBJC_IMPLICIT_RETAIN_SELF = YES;
				CLANG_WARN_OBJC_LITERAL_CONVERSION = YES;
				CLANG_WARN_OBJC_ROOT_CLASS = YES_ERROR;
				CLANG_WARN_QUOTED_INCLUDE_IN_FRAMEWORK_HEADER = YES;
				CLANG_WARN_RANGE_LOOP_ANALYSIS = YES;
				CLANG_WARN_STRICT_PROTOTYPES = YES;
				CLANG_WARN_SUSPICIOUS_MOVE = YES;
				CLANG_WARN_UNGUARDED_AVAILABILITY = YES_AGGRESSIVE;
				CLANG_WARN_UNREACHABLE_CODE = YES;
				CLANG_WARN__DUPLICATE_METHOD_MATCH = YES;
				COPY_PHASE_STRIP = NO;
				DEBUG_INFORMATION_FORMAT = "dwarf-with-dsym";
				ENABLE_NS_ASSERTIONS = NO;
				ENABLE_STRICT_OBJC_MSGSEND = YES;
				GCC_C_LANGUAGE_STANDARD = gnu11;
				GCC_NO_COMMON_BLOCKS = YES;
				GCC_WARN_64_TO_32_BIT_CONVERSION = YES;
				GCC_WARN_ABOUT_RETURN_TYPE = YES_ERROR;
				GCC_WARN_UNDECLARED_SELECTOR = YES;
				GCC_WARN_UNINITIALIZED_AUTOS = YES_AGGRESSIVE;
				GCC_WARN_UNUSED_FUNCTION = YES;
				GCC_WARN_UNUSED_VARIABLE = YES;
				IPHONEOS_DEPLOYMENT_TARGET = 14.4;
				MTL_ENABLE_DEBUG_INFO = NO;
				MTL_FAST_MATH = YES;
				SDKROOT = iphoneos;
				SWIFT_COMPILATION_MODE = wholemodule;
				SWIFT_OPTIMIZATION_LEVEL = "-O";
				VALIDATE_PRODUCT = YES;
			};
			name = Release;
		};
		FD07FF1B25BD954F00A02404 /* Debug */ = {
			isa = XCBuildConfiguration;
			buildSettings = {
				ASSETCATALOG_COMPILER_APPICON_NAME = AppIcon;
				ASSETCATALOG_COMPILER_GLOBAL_ACCENT_COLOR_NAME = AccentColor;
				CODE_SIGN_STYLE = Automatic;
				DEVELOPMENT_ASSET_PATHS = "\"H100DaysOfSwiftUI/Preview Content\"";
				DEVELOPMENT_TEAM = XP6V4T4UU6;
				ENABLE_PREVIEWS = YES;
				INFOPLIST_FILE = H100DaysOfSwiftUI/Info.plist;
				IPHONEOS_DEPLOYMENT_TARGET = 14.0;
				LD_RUNPATH_SEARCH_PATHS = (
					"$(inherited)",
					"@executable_path/Frameworks",
				);
				PRODUCT_BUNDLE_IDENTIFIER = com.blacenova.H100DaysOfSwiftUI;
				PRODUCT_NAME = "$(TARGET_NAME)";
				SWIFT_VERSION = 5.0;
				TARGETED_DEVICE_FAMILY = "1,2";
			};
			name = Debug;
		};
		FD07FF1C25BD954F00A02404 /* Release */ = {
			isa = XCBuildConfiguration;
			buildSettings = {
				ASSETCATALOG_COMPILER_APPICON_NAME = AppIcon;
				ASSETCATALOG_COMPILER_GLOBAL_ACCENT_COLOR_NAME = AccentColor;
				CODE_SIGN_STYLE = Automatic;
				DEVELOPMENT_ASSET_PATHS = "\"H100DaysOfSwiftUI/Preview Content\"";
				DEVELOPMENT_TEAM = XP6V4T4UU6;
				ENABLE_PREVIEWS = YES;
				INFOPLIST_FILE = H100DaysOfSwiftUI/Info.plist;
				IPHONEOS_DEPLOYMENT_TARGET = 14.0;
				LD_RUNPATH_SEARCH_PATHS = (
					"$(inherited)",
					"@executable_path/Frameworks",
				);
				PRODUCT_BUNDLE_IDENTIFIER = com.blacenova.H100DaysOfSwiftUI;
				PRODUCT_NAME = "$(TARGET_NAME)";
				SWIFT_VERSION = 5.0;
				TARGETED_DEVICE_FAMILY = "1,2";
			};
			name = Release;
		};
		FD07FF1E25BD954F00A02404 /* Debug */ = {
			isa = XCBuildConfiguration;
			buildSettings = {
				ALWAYS_EMBED_SWIFT_STANDARD_LIBRARIES = YES;
				BUNDLE_LOADER = "$(TEST_HOST)";
				CODE_SIGN_STYLE = Automatic;
				DEVELOPMENT_TEAM = XP6V4T4UU6;
				INFOPLIST_FILE = H100DaysOfSwiftUITests/Info.plist;
				IPHONEOS_DEPLOYMENT_TARGET = 14.0;
				LD_RUNPATH_SEARCH_PATHS = (
					"$(inherited)",
					"@executable_path/Frameworks",
					"@loader_path/Frameworks",
				);
				PRODUCT_BUNDLE_IDENTIFIER = com.blacenova.H100DaysOfSwiftUITests;
				PRODUCT_NAME = "$(TARGET_NAME)";
				SWIFT_VERSION = 5.0;
				TARGETED_DEVICE_FAMILY = "1,2";
				TEST_HOST = "$(BUILT_PRODUCTS_DIR)/H100DaysOfSwiftUI.app/H100DaysOfSwiftUI";
			};
			name = Debug;
		};
		FD07FF1F25BD954F00A02404 /* Release */ = {
			isa = XCBuildConfiguration;
			buildSettings = {
				ALWAYS_EMBED_SWIFT_STANDARD_LIBRARIES = YES;
				BUNDLE_LOADER = "$(TEST_HOST)";
				CODE_SIGN_STYLE = Automatic;
				DEVELOPMENT_TEAM = XP6V4T4UU6;
				INFOPLIST_FILE = H100DaysOfSwiftUITests/Info.plist;
				IPHONEOS_DEPLOYMENT_TARGET = 14.0;
				LD_RUNPATH_SEARCH_PATHS = (
					"$(inherited)",
					"@executable_path/Frameworks",
					"@loader_path/Frameworks",
				);
				PRODUCT_BUNDLE_IDENTIFIER = com.blacenova.H100DaysOfSwiftUITests;
				PRODUCT_NAME = "$(TARGET_NAME)";
				SWIFT_VERSION = 5.0;
				TARGETED_DEVICE_FAMILY = "1,2";
				TEST_HOST = "$(BUILT_PRODUCTS_DIR)/H100DaysOfSwiftUI.app/H100DaysOfSwiftUI";
			};
			name = Release;
		};
		FD07FF2125BD954F00A02404 /* Debug */ = {
			isa = XCBuildConfiguration;
			buildSettings = {
				ALWAYS_EMBED_SWIFT_STANDARD_LIBRARIES = YES;
				CODE_SIGN_STYLE = Automatic;
				DEVELOPMENT_TEAM = XP6V4T4UU6;
				INFOPLIST_FILE = H100DaysOfSwiftUIUITests/Info.plist;
				LD_RUNPATH_SEARCH_PATHS = (
					"$(inherited)",
					"@executable_path/Frameworks",
					"@loader_path/Frameworks",
				);
				PRODUCT_BUNDLE_IDENTIFIER = com.blacenova.H100DaysOfSwiftUIUITests;
				PRODUCT_NAME = "$(TARGET_NAME)";
				SWIFT_VERSION = 5.0;
				TARGETED_DEVICE_FAMILY = "1,2";
				TEST_TARGET_NAME = H100DaysOfSwiftUI;
			};
			name = Debug;
		};
		FD07FF2225BD954F00A02404 /* Release */ = {
			isa = XCBuildConfiguration;
			buildSettings = {
				ALWAYS_EMBED_SWIFT_STANDARD_LIBRARIES = YES;
				CODE_SIGN_STYLE = Automatic;
				DEVELOPMENT_TEAM = XP6V4T4UU6;
				INFOPLIST_FILE = H100DaysOfSwiftUIUITests/Info.plist;
				LD_RUNPATH_SEARCH_PATHS = (
					"$(inherited)",
					"@executable_path/Frameworks",
					"@loader_path/Frameworks",
				);
				PRODUCT_BUNDLE_IDENTIFIER = com.blacenova.H100DaysOfSwiftUIUITests;
				PRODUCT_NAME = "$(TARGET_NAME)";
				SWIFT_VERSION = 5.0;
				TARGETED_DEVICE_FAMILY = "1,2";
				TEST_TARGET_NAME = H100DaysOfSwiftUI;
			};
			name = Release;
		};
/* End XCBuildConfiguration section */

/* Begin XCConfigurationList section */
		FD07FEF025BD954700A02404 /* Build configuration list for PBXProject "H100DaysOfSwiftUI" */ = {
			isa = XCConfigurationList;
			buildConfigurations = (
				FD07FF1825BD954F00A02404 /* Debug */,
				FD07FF1925BD954F00A02404 /* Release */,
			);
			defaultConfigurationIsVisible = 0;
			defaultConfigurationName = Release;
		};
		FD07FF1A25BD954F00A02404 /* Build configuration list for PBXNativeTarget "H100DaysOfSwiftUI" */ = {
			isa = XCConfigurationList;
			buildConfigurations = (
				FD07FF1B25BD954F00A02404 /* Debug */,
				FD07FF1C25BD954F00A02404 /* Release */,
			);
			defaultConfigurationIsVisible = 0;
			defaultConfigurationName = Release;
		};
		FD07FF1D25BD954F00A02404 /* Build configuration list for PBXNativeTarget "H100DaysOfSwiftUITests" */ = {
			isa = XCConfigurationList;
			buildConfigurations = (
				FD07FF1E25BD954F00A02404 /* Debug */,
				FD07FF1F25BD954F00A02404 /* Release */,
			);
			defaultConfigurationIsVisible = 0;
			defaultConfigurationName = Release;
		};
		FD07FF2025BD954F00A02404 /* Build configuration list for PBXNativeTarget "H100DaysOfSwiftUIUITests" */ = {
			isa = XCConfigurationList;
			buildConfigurations = (
				FD07FF2125BD954F00A02404 /* Debug */,
				FD07FF2225BD954F00A02404 /* Release */,
			);
			defaultConfigurationIsVisible = 0;
			defaultConfigurationName = Release;
		};
/* End XCConfigurationList section */

/* Begin XCVersionGroup section */
		FD88813026064F220019CE17 /* MyModel.xcdatamodeld */ = {
			isa = XCVersionGroup;
			children = (
				FD88813126064F220019CE17 /* BookWorm.xcdatamodel */,
			);
			currentVersion = FD88813126064F220019CE17 /* BookWorm.xcdatamodel */;
			path = MyModel.xcdatamodeld;
			sourceTree = "<group>";
			versionGroupType = wrapper.xcdatamodel;
		};
/* End XCVersionGroup section */
	};
	rootObject = FD07FEED25BD954700A02404 /* Project object */;
}
